// !$*UTF8*$!
{
	archiveVersion = 1;
	classes = {
	};
	objectVersion = 56;
	objects = {

/* Begin PBXBuildFile section */
		D474D2942A7119FC0040F8EF /* AppDelegate.swift in Sources */ = {isa = PBXBuildFile; fileRef = D474D2932A7119FC0040F8EF /* AppDelegate.swift */; };
		D474D2962A7119FC0040F8EF /* SceneDelegate.swift in Sources */ = {isa = PBXBuildFile; fileRef = D474D2952A7119FC0040F8EF /* SceneDelegate.swift */; };
		D474D2982A7119FC0040F8EF /* MainController.swift in Sources */ = {isa = PBXBuildFile; fileRef = D474D2972A7119FC0040F8EF /* MainController.swift */; };
		D474D29D2A7119FF0040F8EF /* Assets.xcassets in Resources */ = {isa = PBXBuildFile; fileRef = D474D29C2A7119FF0040F8EF /* Assets.xcassets */; };
		D474D2A02A7119FF0040F8EF /* LaunchScreen.storyboard in Resources */ = {isa = PBXBuildFile; fileRef = D474D29E2A7119FF0040F8EF /* LaunchScreen.storyboard */; };
		D474D2AB2A7119FF0040F8EF /* SpotifyTests.swift in Sources */ = {isa = PBXBuildFile; fileRef = D474D2AA2A7119FF0040F8EF /* SpotifyTests.swift */; };
		D474D2B52A7119FF0040F8EF /* SpotifyUITests.swift in Sources */ = {isa = PBXBuildFile; fileRef = D474D2B42A7119FF0040F8EF /* SpotifyUITests.swift */; };
		D474D2B72A7119FF0040F8EF /* SpotifyUITestsLaunchTests.swift in Sources */ = {isa = PBXBuildFile; fileRef = D474D2B62A7119FF0040F8EF /* SpotifyUITestsLaunchTests.swift */; };
		D474D2CA2A71216F0040F8EF /* HomeViewController.swift in Sources */ = {isa = PBXBuildFile; fileRef = D474D2C92A71216F0040F8EF /* HomeViewController.swift */; };
		D474D2CD2A7121F40040F8EF /* SearchViewController.swift in Sources */ = {isa = PBXBuildFile; fileRef = D474D2CC2A7121F40040F8EF /* SearchViewController.swift */; };
		D474D2D02A712E630040F8EF /* LibraryViewController.swift in Sources */ = {isa = PBXBuildFile; fileRef = D474D2CF2A712E630040F8EF /* LibraryViewController.swift */; };
/* End PBXBuildFile section */

/* Begin PBXContainerItemProxy section */
		D474D2A72A7119FF0040F8EF /* PBXContainerItemProxy */ = {
			isa = PBXContainerItemProxy;
			containerPortal = D474D2882A7119FC0040F8EF /* Project object */;
			proxyType = 1;
			remoteGlobalIDString = D474D28F2A7119FC0040F8EF;
			remoteInfo = Spotify;
		};
		D474D2B12A7119FF0040F8EF /* PBXContainerItemProxy */ = {
			isa = PBXContainerItemProxy;
			containerPortal = D474D2882A7119FC0040F8EF /* Project object */;
			proxyType = 1;
			remoteGlobalIDString = D474D28F2A7119FC0040F8EF;
			remoteInfo = Spotify;
		};
/* End PBXContainerItemProxy section */

/* Begin PBXFileReference section */
		D474D2902A7119FC0040F8EF /* Spotify.app */ = {isa = PBXFileReference; explicitFileType = wrapper.application; includeInIndex = 0; path = Spotify.app; sourceTree = BUILT_PRODUCTS_DIR; };
		D474D2932A7119FC0040F8EF /* AppDelegate.swift */ = {isa = PBXFileReference; lastKnownFileType = sourcecode.swift; path = AppDelegate.swift; sourceTree = "<group>"; };
		D474D2952A7119FC0040F8EF /* SceneDelegate.swift */ = {isa = PBXFileReference; lastKnownFileType = sourcecode.swift; path = SceneDelegate.swift; sourceTree = "<group>"; };
		D474D2972A7119FC0040F8EF /* MainController.swift */ = {isa = PBXFileReference; lastKnownFileType = sourcecode.swift; path = MainController.swift; sourceTree = "<group>"; };
		D474D29C2A7119FF0040F8EF /* Assets.xcassets */ = {isa = PBXFileReference; lastKnownFileType = folder.assetcatalog; path = Assets.xcassets; sourceTree = "<group>"; };
		D474D29F2A7119FF0040F8EF /* Base */ = {isa = PBXFileReference; lastKnownFileType = file.storyboard; name = Base; path = Base.lproj/LaunchScreen.storyboard; sourceTree = "<group>"; };
		D474D2A12A7119FF0040F8EF /* Info.plist */ = {isa = PBXFileReference; lastKnownFileType = text.plist.xml; path = Info.plist; sourceTree = "<group>"; };
		D474D2A62A7119FF0040F8EF /* SpotifyTests.xctest */ = {isa = PBXFileReference; explicitFileType = wrapper.cfbundle; includeInIndex = 0; path = SpotifyTests.xctest; sourceTree = BUILT_PRODUCTS_DIR; };
		D474D2AA2A7119FF0040F8EF /* SpotifyTests.swift */ = {isa = PBXFileReference; lastKnownFileType = sourcecode.swift; path = SpotifyTests.swift; sourceTree = "<group>"; };
		D474D2B02A7119FF0040F8EF /* SpotifyUITests.xctest */ = {isa = PBXFileReference; explicitFileType = wrapper.cfbundle; includeInIndex = 0; path = SpotifyUITests.xctest; sourceTree = BUILT_PRODUCTS_DIR; };
		D474D2B42A7119FF0040F8EF /* SpotifyUITests.swift */ = {isa = PBXFileReference; lastKnownFileType = sourcecode.swift; path = SpotifyUITests.swift; sourceTree = "<group>"; };
		D474D2B62A7119FF0040F8EF /* SpotifyUITestsLaunchTests.swift */ = {isa = PBXFileReference; lastKnownFileType = sourcecode.swift; path = SpotifyUITestsLaunchTests.swift; sourceTree = "<group>"; };
		D474D2C92A71216F0040F8EF /* HomeViewController.swift */ = {isa = PBXFileReference; lastKnownFileType = sourcecode.swift; path = HomeViewController.swift; sourceTree = "<group>"; };
		D474D2CC2A7121F40040F8EF /* SearchViewController.swift */ = {isa = PBXFileReference; lastKnownFileType = sourcecode.swift; path = SearchViewController.swift; sourceTree = "<group>"; };
		D474D2CF2A712E630040F8EF /* LibraryViewController.swift */ = {isa = PBXFileReference; lastKnownFileType = sourcecode.swift; path = LibraryViewController.swift; sourceTree = "<group>"; };
/* End PBXFileReference section */

/* Begin PBXFrameworksBuildPhase section */
		D474D28D2A7119FC0040F8EF /* Frameworks */ = {
			isa = PBXFrameworksBuildPhase;
			buildActionMask = 2147483647;
			files = (
			);
			runOnlyForDeploymentPostprocessing = 0;
		};
		D474D2A32A7119FF0040F8EF /* Frameworks */ = {
			isa = PBXFrameworksBuildPhase;
			buildActionMask = 2147483647;
			files = (
			);
			runOnlyForDeploymentPostprocessing = 0;
		};
		D474D2AD2A7119FF0040F8EF /* Frameworks */ = {
			isa = PBXFrameworksBuildPhase;
			buildActionMask = 2147483647;
			files = (
			);
			runOnlyForDeploymentPostprocessing = 0;
		};
/* End PBXFrameworksBuildPhase section */

/* Begin PBXGroup section */
		D474D2872A7119FC0040F8EF = {
			isa = PBXGroup;
			children = (
				D474D2922A7119FC0040F8EF /* Spotify */,
				D474D2A92A7119FF0040F8EF /* SpotifyTests */,
				D474D2B32A7119FF0040F8EF /* SpotifyUITests */,
				D474D2912A7119FC0040F8EF /* Products */,
			);
			sourceTree = "<group>";
		};
		D474D2912A7119FC0040F8EF /* Products */ = {
			isa = PBXGroup;
			children = (
				D474D2902A7119FC0040F8EF /* Spotify.app */,
				D474D2A62A7119FF0040F8EF /* SpotifyTests.xctest */,
				D474D2B02A7119FF0040F8EF /* SpotifyUITests.xctest */,
			);
			name = Products;
			sourceTree = "<group>";
		};
		D474D2922A7119FC0040F8EF /* Spotify */ = {
			isa = PBXGroup;
			children = (
				D474D2C72A711FA10040F8EF /* Resources */,
				D474D2C42A711B610040F8EF /* Services */,
				D474D2C52A711B680040F8EF /* Features */,
				D474D2A12A7119FF0040F8EF /* Info.plist */,
			);
			path = Spotify;
			sourceTree = "<group>";
		};
		D474D2A92A7119FF0040F8EF /* SpotifyTests */ = {
			isa = PBXGroup;
			children = (
				D474D2AA2A7119FF0040F8EF /* SpotifyTests.swift */,
			);
			path = SpotifyTests;
			sourceTree = "<group>";
		};
		D474D2B32A7119FF0040F8EF /* SpotifyUITests */ = {
			isa = PBXGroup;
			children = (
				D474D2B42A7119FF0040F8EF /* SpotifyUITests.swift */,
				D474D2B62A7119FF0040F8EF /* SpotifyUITestsLaunchTests.swift */,
			);
			path = SpotifyUITests;
			sourceTree = "<group>";
		};
		D474D2C42A711B610040F8EF /* Services */ = {
			isa = PBXGroup;
			children = (
			);
			path = Services;
			sourceTree = "<group>";
		};
		D474D2C52A711B680040F8EF /* Features */ = {
			isa = PBXGroup;
			children = (
				D474D2CE2A712E440040F8EF /* Library */,
				D474D2CB2A7121E30040F8EF /* Search */,
				D474D2C82A7121540040F8EF /* Home */,
			);
			path = Features;
			sourceTree = "<group>";
		};
		D474D2C72A711FA10040F8EF /* Resources */ = {
			isa = PBXGroup;
			children = (
				D474D2972A7119FC0040F8EF /* MainController.swift */,
				D474D2932A7119FC0040F8EF /* AppDelegate.swift */,
				D474D2952A7119FC0040F8EF /* SceneDelegate.swift */,
				D474D29C2A7119FF0040F8EF /* Assets.xcassets */,
				D474D29E2A7119FF0040F8EF /* LaunchScreen.storyboard */,
			);
			path = Resources;
			sourceTree = "<group>";
		};
		D474D2C82A7121540040F8EF /* Home */ = {
			isa = PBXGroup;
			children = (
				D474D2C92A71216F0040F8EF /* HomeViewController.swift */,
			);
			path = Home;
			sourceTree = "<group>";
		};
		D474D2CB2A7121E30040F8EF /* Search */ = {
			isa = PBXGroup;
			children = (
				D474D2CC2A7121F40040F8EF /* SearchViewController.swift */,
			);
			path = Search;
			sourceTree = "<group>";
		};
		D474D2CE2A712E440040F8EF /* Library */ = {
			isa = PBXGroup;
			children = (
				D474D2CF2A712E630040F8EF /* LibraryViewController.swift */,
			);
			path = Library;
			sourceTree = "<group>";
		};
/* End PBXGroup section */

/* Begin PBXNativeTarget section */
		D474D28F2A7119FC0040F8EF /* Spotify */ = {
			isa = PBXNativeTarget;
			buildConfigurationList = D474D2BA2A7119FF0040F8EF /* Build configuration list for PBXNativeTarget "Spotify" */;
			buildPhases = (
				D474D28C2A7119FC0040F8EF /* Sources */,
				D474D28D2A7119FC0040F8EF /* Frameworks */,
				D474D28E2A7119FC0040F8EF /* Resources */,
			);
			buildRules = (
			);
			dependencies = (
			);
			name = Spotify;
			productName = Spotify;
			productReference = D474D2902A7119FC0040F8EF /* Spotify.app */;
			productType = "com.apple.product-type.application";
		};
		D474D2A52A7119FF0040F8EF /* SpotifyTests */ = {
			isa = PBXNativeTarget;
			buildConfigurationList = D474D2BD2A7119FF0040F8EF /* Build configuration list for PBXNativeTarget "SpotifyTests" */;
			buildPhases = (
				D474D2A22A7119FF0040F8EF /* Sources */,
				D474D2A32A7119FF0040F8EF /* Frameworks */,
				D474D2A42A7119FF0040F8EF /* Resources */,
			);
			buildRules = (
			);
			dependencies = (
				D474D2A82A7119FF0040F8EF /* PBXTargetDependency */,
			);
			name = SpotifyTests;
			productName = SpotifyTests;
			productReference = D474D2A62A7119FF0040F8EF /* SpotifyTests.xctest */;
			productType = "com.apple.product-type.bundle.unit-test";
		};
		D474D2AF2A7119FF0040F8EF /* SpotifyUITests */ = {
			isa = PBXNativeTarget;
			buildConfigurationList = D474D2C02A7119FF0040F8EF /* Build configuration list for PBXNativeTarget "SpotifyUITests" */;
			buildPhases = (
				D474D2AC2A7119FF0040F8EF /* Sources */,
				D474D2AD2A7119FF0040F8EF /* Frameworks */,
				D474D2AE2A7119FF0040F8EF /* Resources */,
			);
			buildRules = (
			);
			dependencies = (
				D474D2B22A7119FF0040F8EF /* PBXTargetDependency */,
			);
			name = SpotifyUITests;
			productName = SpotifyUITests;
			productReference = D474D2B02A7119FF0040F8EF /* SpotifyUITests.xctest */;
			productType = "com.apple.product-type.bundle.ui-testing";
		};
/* End PBXNativeTarget section */

/* Begin PBXProject section */
		D474D2882A7119FC0040F8EF /* Project object */ = {
			isa = PBXProject;
			attributes = {
				BuildIndependentTargetsInParallel = 1;
				LastSwiftUpdateCheck = 1430;
				LastUpgradeCheck = 1430;
				TargetAttributes = {
					D474D28F2A7119FC0040F8EF = {
						CreatedOnToolsVersion = 14.3.1;
					};
					D474D2A52A7119FF0040F8EF = {
						CreatedOnToolsVersion = 14.3.1;
						TestTargetID = D474D28F2A7119FC0040F8EF;
					};
					D474D2AF2A7119FF0040F8EF = {
						CreatedOnToolsVersion = 14.3.1;
						TestTargetID = D474D28F2A7119FC0040F8EF;
					};
				};
			};
			buildConfigurationList = D474D28B2A7119FC0040F8EF /* Build configuration list for PBXProject "Spotify" */;
			compatibilityVersion = "Xcode 14.0";
			developmentRegion = en;
			hasScannedForEncodings = 0;
			knownRegions = (
				en,
				Base,
			);
			mainGroup = D474D2872A7119FC0040F8EF;
			productRefGroup = D474D2912A7119FC0040F8EF /* Products */;
			projectDirPath = "";
			projectRoot = "";
			targets = (
				D474D28F2A7119FC0040F8EF /* Spotify */,
				D474D2A52A7119FF0040F8EF /* SpotifyTests */,
				D474D2AF2A7119FF0040F8EF /* SpotifyUITests */,
			);
		};
/* End PBXProject section */

/* Begin PBXResourcesBuildPhase section */
		D474D28E2A7119FC0040F8EF /* Resources */ = {
			isa = PBXResourcesBuildPhase;
			buildActionMask = 2147483647;
			files = (
				D474D2A02A7119FF0040F8EF /* LaunchScreen.storyboard in Resources */,
				D474D29D2A7119FF0040F8EF /* Assets.xcassets in Resources */,
			);
			runOnlyForDeploymentPostprocessing = 0;
		};
		D474D2A42A7119FF0040F8EF /* Resources */ = {
			isa = PBXResourcesBuildPhase;
			buildActionMask = 2147483647;
			files = (
			);
			runOnlyForDeploymentPostprocessing = 0;
		};
		D474D2AE2A7119FF0040F8EF /* Resources */ = {
			isa = PBXResourcesBuildPhase;
			buildActionMask = 2147483647;
			files = (
			);
			runOnlyForDeploymentPostprocessing = 0;
		};
/* End PBXResourcesBuildPhase section */

/* Begin PBXSourcesBuildPhase section */
		D474D28C2A7119FC0040F8EF /* Sources */ = {
			isa = PBXSourcesBuildPhase;
			buildActionMask = 2147483647;
			files = (
				D474D2CD2A7121F40040F8EF /* SearchViewController.swift in Sources */,
				D474D2982A7119FC0040F8EF /* MainController.swift in Sources */,
				D474D2942A7119FC0040F8EF /* AppDelegate.swift in Sources */,
				D474D2962A7119FC0040F8EF /* SceneDelegate.swift in Sources */,
				D474D2D02A712E630040F8EF /* LibraryViewController.swift in Sources */,
				D474D2CA2A71216F0040F8EF /* HomeViewController.swift in Sources */,
			);
			runOnlyForDeploymentPostprocessing = 0;
		};
		D474D2A22A7119FF0040F8EF /* Sources */ = {
			isa = PBXSourcesBuildPhase;
			buildActionMask = 2147483647;
			files = (
				D474D2AB2A7119FF0040F8EF /* SpotifyTests.swift in Sources */,
			);
			runOnlyForDeploymentPostprocessing = 0;
		};
		D474D2AC2A7119FF0040F8EF /* Sources */ = {
			isa = PBXSourcesBuildPhase;
			buildActionMask = 2147483647;
			files = (
				D474D2B52A7119FF0040F8EF /* SpotifyUITests.swift in Sources */,
				D474D2B72A7119FF0040F8EF /* SpotifyUITestsLaunchTests.swift in Sources */,
			);
			runOnlyForDeploymentPostprocessing = 0;
		};
/* End PBXSourcesBuildPhase section */

/* Begin PBXTargetDependency section */
		D474D2A82A7119FF0040F8EF /* PBXTargetDependency */ = {
			isa = PBXTargetDependency;
			target = D474D28F2A7119FC0040F8EF /* Spotify */;
			targetProxy = D474D2A72A7119FF0040F8EF /* PBXContainerItemProxy */;
		};
		D474D2B22A7119FF0040F8EF /* PBXTargetDependency */ = {
			isa = PBXTargetDependency;
			target = D474D28F2A7119FC0040F8EF /* Spotify */;
			targetProxy = D474D2B12A7119FF0040F8EF /* PBXContainerItemProxy */;
		};
/* End PBXTargetDependency section */

/* Begin PBXVariantGroup section */
		D474D29E2A7119FF0040F8EF /* LaunchScreen.storyboard */ = {
			isa = PBXVariantGroup;
			children = (
				D474D29F2A7119FF0040F8EF /* Base */,
			);
			name = LaunchScreen.storyboard;
			sourceTree = "<group>";
		};
/* End PBXVariantGroup section */

/* Begin XCBuildConfiguration section */
		D474D2B82A7119FF0040F8EF /* Debug */ = {
			isa = XCBuildConfiguration;
			buildSettings = {
				ALWAYS_SEARCH_USER_PATHS = NO;
				CLANG_ANALYZER_NONNULL = YES;
				CLANG_ANALYZER_NUMBER_OBJECT_CONVERSION = YES_AGGRESSIVE;
				CLANG_CXX_LANGUAGE_STANDARD = "gnu++20";
				CLANG_ENABLE_MODULES = YES;
				CLANG_ENABLE_OBJC_ARC = YES;
				CLANG_ENABLE_OBJC_WEAK = YES;
				CLANG_WARN_BLOCK_CAPTURE_AUTORELEASING = YES;
				CLANG_WARN_BOOL_CONVERSION = YES;
				CLANG_WARN_COMMA = YES;
				CLANG_WARN_CONSTANT_CONVERSION = YES;
				CLANG_WARN_DEPRECATED_OBJC_IMPLEMENTATIONS = YES;
				CLANG_WARN_DIRECT_OBJC_ISA_USAGE = YES_ERROR;
				CLANG_WARN_DOCUMENTATION_COMMENTS = YES;
				CLANG_WARN_EMPTY_BODY = YES;
				CLANG_WARN_ENUM_CONVERSION = YES;
				CLANG_WARN_INFINITE_RECURSION = YES;
				CLANG_WARN_INT_CONVERSION = YES;
				CLANG_WARN_NON_LITERAL_NULL_CONVERSION = YES;
				CLANG_WARN_OBJC_IMPLICIT_RETAIN_SELF = YES;
				CLANG_WARN_OBJC_LITERAL_CONVERSION = YES;
				CLANG_WARN_OBJC_ROOT_CLASS = YES_ERROR;
				CLANG_WARN_QUOTED_INCLUDE_IN_FRAMEWORK_HEADER = YES;
				CLANG_WARN_RANGE_LOOP_ANALYSIS = YES;
				CLANG_WARN_STRICT_PROTOTYPES = YES;
				CLANG_WARN_SUSPICIOUS_MOVE = YES;
				CLANG_WARN_UNGUARDED_AVAILABILITY = YES_AGGRESSIVE;
				CLANG_WARN_UNREACHABLE_CODE = YES;
				CLANG_WARN__DUPLICATE_METHOD_MATCH = YES;
				COPY_PHASE_STRIP = NO;
				DEBUG_INFORMATION_FORMAT = dwarf;
				ENABLE_STRICT_OBJC_MSGSEND = YES;
				ENABLE_TESTABILITY = YES;
				GCC_C_LANGUAGE_STANDARD = gnu11;
				GCC_DYNAMIC_NO_PIC = NO;
				GCC_NO_COMMON_BLOCKS = YES;
				GCC_OPTIMIZATION_LEVEL = 0;
				GCC_PREPROCESSOR_DEFINITIONS = (
					"DEBUG=1",
					"$(inherited)",
				);
				GCC_WARN_64_TO_32_BIT_CONVERSION = YES;
				GCC_WARN_ABOUT_RETURN_TYPE = YES_ERROR;
				GCC_WARN_UNDECLARED_SELECTOR = YES;
				GCC_WARN_UNINITIALIZED_AUTOS = YES_AGGRESSIVE;
				GCC_WARN_UNUSED_FUNCTION = YES;
				GCC_WARN_UNUSED_VARIABLE = YES;
				IPHONEOS_DEPLOYMENT_TARGET = 16.4;
				MTL_ENABLE_DEBUG_INFO = INCLUDE_SOURCE;
				MTL_FAST_MATH = YES;
				ONLY_ACTIVE_ARCH = YES;
				SDKROOT = iphoneos;
				SWIFT_ACTIVE_COMPILATION_CONDITIONS = DEBUG;
				SWIFT_OPTIMIZATION_LEVEL = "-Onone";
			};
			name = Debug;
		};
		D474D2B92A7119FF0040F8EF /* Release */ = {
			isa = XCBuildConfiguration;
			buildSettings = {
				ALWAYS_SEARCH_USER_PATHS = NO;
				CLANG_ANALYZER_NONNULL = YES;
				CLANG_ANALYZER_NUMBER_OBJECT_CONVERSION = YES_AGGRESSIVE;
				CLANG_CXX_LANGUAGE_STANDARD = "gnu++20";
				CLANG_ENABLE_MODULES = YES;
				CLANG_ENABLE_OBJC_ARC = YES;
				CLANG_ENABLE_OBJC_WEAK = YES;
				CLANG_WARN_BLOCK_CAPTURE_AUTORELEASING = YES;
				CLANG_WARN_BOOL_CONVERSION = YES;
				CLANG_WARN_COMMA = YES;
				CLANG_WARN_CONSTANT_CONVERSION = YES;
				CLANG_WARN_DEPRECATED_OBJC_IMPLEMENTATIONS = YES;
				CLANG_WARN_DIRECT_OBJC_ISA_USAGE = YES_ERROR;
				CLANG_WARN_DOCUMENTATION_COMMENTS = YES;
				CLANG_WARN_EMPTY_BODY = YES;
				CLANG_WARN_ENUM_CONVERSION = YES;
				CLANG_WARN_INFINITE_RECURSION = YES;
				CLANG_WARN_INT_CONVERSION = YES;
				CLANG_WARN_NON_LITERAL_NULL_CONVERSION = YES;
				CLANG_WARN_OBJC_IMPLICIT_RETAIN_SELF = YES;
				CLANG_WARN_OBJC_LITERAL_CONVERSION = YES;
				CLANG_WARN_OBJC_ROOT_CLASS = YES_ERROR;
				CLANG_WARN_QUOTED_INCLUDE_IN_FRAMEWORK_HEADER = YES;
				CLANG_WARN_RANGE_LOOP_ANALYSIS = YES;
				CLANG_WARN_STRICT_PROTOTYPES = YES;
				CLANG_WARN_SUSPICIOUS_MOVE = YES;
				CLANG_WARN_UNGUARDED_AVAILABILITY = YES_AGGRESSIVE;
				CLANG_WARN_UNREACHABLE_CODE = YES;
				CLANG_WARN__DUPLICATE_METHOD_MATCH = YES;
				COPY_PHASE_STRIP = NO;
				DEBUG_INFORMATION_FORMAT = "dwarf-with-dsym";
				ENABLE_NS_ASSERTIONS = NO;
				ENABLE_STRICT_OBJC_MSGSEND = YES;
				GCC_C_LANGUAGE_STANDARD = gnu11;
				GCC_NO_COMMON_BLOCKS = YES;
				GCC_WARN_64_TO_32_BIT_CONVERSION = YES;
				GCC_WARN_ABOUT_RETURN_TYPE = YES_ERROR;
				GCC_WARN_UNDECLARED_SELECTOR = YES;
				GCC_WARN_UNINITIALIZED_AUTOS = YES_AGGRESSIVE;
				GCC_WARN_UNUSED_FUNCTION = YES;
				GCC_WARN_UNUSED_VARIABLE = YES;
				IPHONEOS_DEPLOYMENT_TARGET = 16.4;
				MTL_ENABLE_DEBUG_INFO = NO;
				MTL_FAST_MATH = YES;
				SDKROOT = iphoneos;
				SWIFT_COMPILATION_MODE = wholemodule;
				SWIFT_OPTIMIZATION_LEVEL = "-O";
				VALIDATE_PRODUCT = YES;
			};
			name = Release;
		};
		D474D2BB2A7119FF0040F8EF /* Debug */ = {
			isa = XCBuildConfiguration;
			buildSettings = {
				ASSETCATALOG_COMPILER_APPICON_NAME = AppIcon;
				ASSETCATALOG_COMPILER_GLOBAL_ACCENT_COLOR_NAME = AccentColor;
				CODE_SIGN_STYLE = Automatic;
				CURRENT_PROJECT_VERSION = 1;
				GENERATE_INFOPLIST_FILE = YES;
				INFOPLIST_FILE = Spotify/Info.plist;
				INFOPLIST_KEY_UIApplicationSupportsIndirectInputEvents = YES;
				INFOPLIST_KEY_UILaunchStoryboardName = LaunchScreen;
				INFOPLIST_KEY_UISupportedInterfaceOrientations_iPad = "UIInterfaceOrientationPortrait UIInterfaceOrientationPortraitUpsideDown UIInterfaceOrientationLandscapeLeft UIInterfaceOrientationLandscapeRight";
				INFOPLIST_KEY_UISupportedInterfaceOrientations_iPhone = "UIInterfaceOrientationPortrait UIInterfaceOrientationLandscapeLeft UIInterfaceOrientationLandscapeRight";
				LD_RUNPATH_SEARCH_PATHS = (
					"$(inherited)",
					"@executable_path/Frameworks",
				);
				MARKETING_VERSION = 1.0;
				PRODUCT_BUNDLE_IDENTIFIER = com.ghl.Spotify;
				PRODUCT_NAME = "$(TARGET_NAME)";
				SWIFT_EMIT_LOC_STRINGS = YES;
				SWIFT_VERSION = 5.0;
				TARGETED_DEVICE_FAMILY = "1,2";
			};
			name = Debug;
		};
		D474D2BC2A7119FF0040F8EF /* Release */ = {
			isa = XCBuildConfiguration;
			buildSettings = {
				ASSETCATALOG_COMPILER_APPICON_NAME = AppIcon;
				ASSETCATALOG_COMPILER_GLOBAL_ACCENT_COLOR_NAME = AccentColor;
				CODE_SIGN_STYLE = Automatic;
				CURRENT_PROJECT_VERSION = 1;
				GENERATE_INFOPLIST_FILE = YES;
				INFOPLIST_FILE = Spotify/Info.plist;
				INFOPLIST_KEY_UIApplicationSupportsIndirectInputEvents = YES;
				INFOPLIST_KEY_UILaunchStoryboardName = LaunchScreen;
				INFOPLIST_KEY_UISupportedInterfaceOrientations_iPad = "UIInterfaceOrientationPortrait UIInterfaceOrientationPortraitUpsideDown UIInterfaceOrientationLandscapeLeft UIInterfaceOrientationLandscapeRight";
				INFOPLIST_KEY_UISupportedInterfaceOrientations_iPhone = "UIInterfaceOrientationPortrait UIInterfaceOrientationLandscapeLeft UIInterfaceOrientationLandscapeRight";
				LD_RUNPATH_SEARCH_PATHS = (
					"$(inherited)",
					"@executable_path/Frameworks",
				);
				MARKETING_VERSION = 1.0;
				PRODUCT_BUNDLE_IDENTIFIER = com.ghl.Spotify;
				PRODUCT_NAME = "$(TARGET_NAME)";
				SWIFT_EMIT_LOC_STRINGS = YES;
				SWIFT_VERSION = 5.0;
				TARGETED_DEVICE_FAMILY = "1,2";
			};
			name = Release;
		};
		D474D2BE2A7119FF0040F8EF /* Debug */ = {
			isa = XCBuildConfiguration;
			buildSettings = {
				ALWAYS_EMBED_SWIFT_STANDARD_LIBRARIES = YES;
				BUNDLE_LOADER = "$(TEST_HOST)";
				CODE_SIGN_STYLE = Automatic;
				CURRENT_PROJECT_VERSION = 1;
				GENERATE_INFOPLIST_FILE = YES;
				IPHONEOS_DEPLOYMENT_TARGET = 16.4;
				MARKETING_VERSION = 1.0;
				PRODUCT_BUNDLE_IDENTIFIER = com.ghl.SpotifyTests;
				PRODUCT_NAME = "$(TARGET_NAME)";
				SWIFT_EMIT_LOC_STRINGS = NO;
				SWIFT_VERSION = 5.0;
				TARGETED_DEVICE_FAMILY = "1,2";
				TEST_HOST = "$(BUILT_PRODUCTS_DIR)/Spotify.app/$(BUNDLE_EXECUTABLE_FOLDER_PATH)/Spotify";
			};
			name = Debug;
		};
		D474D2BF2A7119FF0040F8EF /* Release */ = {
			isa = XCBuildConfiguration;
			buildSettings = {
				ALWAYS_EMBED_SWIFT_STANDARD_LIBRARIES = YES;
				BUNDLE_LOADER = "$(TEST_HOST)";
				CODE_SIGN_STYLE = Automatic;
				CURRENT_PROJECT_VERSION = 1;
				GENERATE_INFOPLIST_FILE = YES;
				IPHONEOS_DEPLOYMENT_TARGET = 16.4;
				MARKETING_VERSION = 1.0;
				PRODUCT_BUNDLE_IDENTIFIER = com.ghl.SpotifyTests;
				PRODUCT_NAME = "$(TARGET_NAME)";
				SWIFT_EMIT_LOC_STRINGS = NO;
				SWIFT_VERSION = 5.0;
				TARGETED_DEVICE_FAMILY = "1,2";
				TEST_HOST = "$(BUILT_PRODUCTS_DIR)/Spotify.app/$(BUNDLE_EXECUTABLE_FOLDER_PATH)/Spotify";
			};
			name = Release;
		};
		D474D2C12A7119FF0040F8EF /* Debug */ = {
			isa = XCBuildConfiguration;
			buildSettings = {
				ALWAYS_EMBED_SWIFT_STANDARD_LIBRARIES = YES;
				CODE_SIGN_STYLE = Automatic;
				CURRENT_PROJECT_VERSION = 1;
				GENERATE_INFOPLIST_FILE = YES;
				MARKETING_VERSION = 1.0;
				PRODUCT_BUNDLE_IDENTIFIER = com.ghl.SpotifyUITests;
				PRODUCT_NAME = "$(TARGET_NAME)";
				SWIFT_EMIT_LOC_STRINGS = NO;
				SWIFT_VERSION = 5.0;
				TARGETED_DEVICE_FAMILY = "1,2";
				TEST_TARGET_NAME = Spotify;
			};
			name = Debug;
		};
		D474D2C22A7119FF0040F8EF /* Release */ = {
			isa = XCBuildConfiguration;
			buildSettings = {
				ALWAYS_EMBED_SWIFT_STANDARD_LIBRARIES = YES;
				CODE_SIGN_STYLE = Automatic;
				CURRENT_PROJECT_VERSION = 1;
				GENERATE_INFOPLIST_FILE = YES;
				MARKETING_VERSION = 1.0;
				PRODUCT_BUNDLE_IDENTIFIER = com.ghl.SpotifyUITests;
				PRODUCT_NAME = "$(TARGET_NAME)";
				SWIFT_EMIT_LOC_STRINGS = NO;
				SWIFT_VERSION = 5.0;
				TARGETED_DEVICE_FAMILY = "1,2";
				TEST_TARGET_NAME = Spotify;
			};
			name = Release;
		};
/* End XCBuildConfiguration section */

/* Begin XCConfigurationList section */
		D474D28B2A7119FC0040F8EF /* Build configuration list for PBXProject "Spotify" */ = {
			isa = XCConfigurationList;
			buildConfigurations = (
				D474D2B82A7119FF0040F8EF /* Debug */,
				D474D2B92A7119FF0040F8EF /* Release */,
			);
			defaultConfigurationIsVisible = 0;
			defaultConfigurationName = Release;
		};
		D474D2BA2A7119FF0040F8EF /* Build configuration list for PBXNativeTarget "Spotify" */ = {
			isa = XCConfigurationList;
			buildConfigurations = (
				D474D2BB2A7119FF0040F8EF /* Debug */,
				D474D2BC2A7119FF0040F8EF /* Release */,
			);
			defaultConfigurationIsVisible = 0;
			defaultConfigurationName = Release;
		};
		D474D2BD2A7119FF0040F8EF /* Build configuration list for PBXNativeTarget "SpotifyTests" */ = {
			isa = XCConfigurationList;
			buildConfigurations = (
				D474D2BE2A7119FF0040F8EF /* Debug */,
				D474D2BF2A7119FF0040F8EF /* Release */,
			);
			defaultConfigurationIsVisible = 0;
			defaultConfigurationName = Release;
		};
		D474D2C02A7119FF0040F8EF /* Build configuration list for PBXNativeTarget "SpotifyUITests" */ = {
			isa = XCConfigurationList;
			buildConfigurations = (
				D474D2C12A7119FF0040F8EF /* Debug */,
				D474D2C22A7119FF0040F8EF /* Release */,
			);
			defaultConfigurationIsVisible = 0;
			defaultConfigurationName = Release;
		};
/* End XCConfigurationList section */
	};
	rootObject = D474D2882A7119FC0040F8EF /* Project object */;
}
